{
  "name": "chatbot",
  "lockfileVersion": 3,
  "requires": true,
  "packages": {
    "": {
      "dependencies": {
        "react-chatbot-kit": "^2.1.2",
        "yarn": "^1.22.19"
      }
    },
    "node_modules/react-chatbot-kit": {
      "version": "2.1.2",
      "resolved": "https://registry.npmjs.org/react-chatbot-kit/-/react-chatbot-kit-2.1.2.tgz",
      "integrity": "sha512-N9bhg7/YnVz3TcNaV19szfBqCLHfVevisdqg38QowOI1hxgebwejrkggGz+T04yJK2j7dhwNqHpx5nWMfugzZw==",
      "dependencies": {
        "react-conditionally-render": "^1.0.2"
      }
    },
    "node_modules/react-conditionally-render": {
      "version": "1.0.2",
      "resolved": "https://registry.npmjs.org/react-conditionally-render/-/react-conditionally-render-1.0.2.tgz",
      "integrity": "sha512-CtjIgaLHVDSgHis3gv/PT/8EnD6GPUL8PrhUjh7DP6S5Y3p56dGu7y2nVg6pYv1kv+fGznRhRmX3assr/vRw3A=="
    },
    "node_modules/yarn": {
      "version": "1.22.19",
      "resolved": "https://registry.npmjs.org/yarn/-/yarn-1.22.19.tgz",
      "integrity": "sha512-/0V5q0WbslqnwP91tirOvldvYISzaqhClxzyUKXYxs07yUILIs5jx/k6CFe8bvKSkds5w+eiOqta39Wk3WxdcQ==",
      "hasInstallScript": true,
      "bin": {
        "yarn": "bin/yarn.js",
        "yarnpkg": "bin/yarn.js"
      },
      "engines": {
        "node": ">=4.0.0"
      }
    }
  }
}
